// !$*UTF8*$!
{
	archiveVersion = 1;
	classes = {
	};
	objectVersion = 77;
	objects = {

/* Begin PBXFileReference section */
		5FAA483F2E01D13B00A6D2B2 /* __init__.py */ = {isa = PBXFileReference; lastKnownFileType = text.script.python; path = __init__.py; sourceTree = "<group>"; };
		5FAA48402E01D13B00A6D2B2 /* ddd.py */ = {isa = PBXFileReference; lastKnownFileType = text.script.python; path = ddd.py; sourceTree = "<group>"; };
		5FAA48422E01D13B00A6D2B2 /* main.py */ = {isa = PBXFileReference; lastKnownFileType = text.script.python; path = main.py; sourceTree = "<group>"; };
		5FAA48442E01D13B00A6D2B2 /* main.py */ = {isa = PBXFileReference; lastKnownFileType = text.script.python; path = main.py; sourceTree = "<group>"; };
/* End PBXFileReference section */

/* Begin PBXGroup section */
		5FAA48332E01CB1E00A6D2B2 = {
			isa = PBXGroup;
			children = (
				5FAA48412E01D13B00A6D2B2 /* lib */,
				5FAA48432E01D13B00A6D2B2 /* Spoonman */,
				5FAA48452E01D13B00A6D2B2 /* Typ I */,
			);
			sourceTree = "<group>";
		};
		5FAA48412E01D13B00A6D2B2 /* lib */ = {
			isa = PBXGroup;
			children = (
				5FAA483F2E01D13B00A6D2B2 /* __init__.py */,
				5FAA48402E01D13B00A6D2B2 /* ddd.py */,
			);
			path = lib;
			sourceTree = "<group>";
		};
		5FAA48432E01D13B00A6D2B2 /* Spoonman */ = {
			isa = PBXGroup;
			children = (
				5FAA48422E01D13B00A6D2B2 /* main.py */,
			);
			path = Spoonman;
			sourceTree = "<group>";
		};
		5FAA48452E01D13B00A6D2B2 /* Typ I */ = {
			isa = PBXGroup;
			children = (
				5FAA48442E01D13B00A6D2B2 /* main.py */,
			);
			path = "Typ I";
			sourceTree = "<group>";
		};
/* End PBXGroup section */

/* Begin PBXLegacyTarget section */
		5FEA31152E01D9FE002B5887 /* Py */ = {
			isa = PBXLegacyTarget;
			buildArgumentsString = "$(ACTION)";
			buildConfigurationList = 5FEA31162E01D9FE002B5887 /* Build configuration list for PBXLegacyTarget "Py" */;
			buildPhases = (
			);
			buildToolPath = /usr/bin/python3;
			buildWorkingDirectory = "$(SRCROOT)";
			dependencies = (
			);
			name = Py;
			packageProductDependencies = (
			);
			passBuildSettingsInEnvironment = 1;
			productName = Python;
		};
/* End PBXLegacyTarget section */

/* Begin PBXProject section */
		5FAA48342E01CB1E00A6D2B2 /* Project object */ = {
			isa = PBXProject;
			attributes = {
				BuildIndependentTargetsInParallel = 1;
				LastUpgradeCheck = 1640;
				TargetAttributes = {
					5FEA31152E01D9FE002B5887 = {
						CreatedOnToolsVersion = 16.4;
					};
				};
			};
			buildConfigurationList = 5FAA48372E01CB1E00A6D2B2 /* Build configuration list for PBXProject "DIY" */;
			developmentRegion = en;
			hasScannedForEncodings = 0;
			knownRegions = (
				en,
				Base,
			);
			mainGroup = 5FAA48332E01CB1E00A6D2B2;
			minimizedProjectReferenceProxies = 1;
			preferredProjectObjectVersion = 77;
			projectDirPath = "";
			projectRoot = "";
			targets = (
				5FEA31152E01D9FE002B5887 /* Py */,
			);
		};
/* End PBXProject section */

/* Begin XCBuildConfiguration section */
		5FAA483A2E01CB1E00A6D2B2 /* Release */ = {
			isa = XCBuildConfiguration;
			buildSettings = {
			};
			name = Release;
		};
		5FEA31172E01D9FE002B5887 /* Release */ = {
			isa = XCBuildConfiguration;
			buildSettings = {
			};
			name = Release;
		};
/* End XCBuildConfiguration section */

/* Begin XCConfigurationList section */
		5FAA48372E01CB1E00A6D2B2 /* Build configuration list for PBXProject "DIY" */ = {
			isa = XCConfigurationList;
			buildConfigurations = (
				5FAA483A2E01CB1E00A6D2B2 /* Release */,
			);
			defaultConfigurationIsVisible = 0;
			defaultConfigurationName = Release;
		};
		5FEA31162E01D9FE002B5887 /* Build configuration list for PBXLegacyTarget "Py" */ = {
			isa = XCConfigurationList;
			buildConfigurations = (
				5FEA31172E01D9FE002B5887 /* Release */,
			);
			defaultConfigurationIsVisible = 0;
			defaultConfigurationName = Release;
		};
/* End XCConfigurationList section */
	};
	rootObject = 5FAA48342E01CB1E00A6D2B2 /* Project object */;
}
